{
  "originHash" : "5fb93ab47a7aa7065be4037b6ab96f5adbff6626a83b497a48a5c6d8c3461aee",
  "pins" : [
    {
      "identity" : "alamofire",
      "kind" : "remoteSourceControl",
      "location" : "https://github.com/Alamofire/Alamofire.git",
      "state" : {
        "revision" : "513364f870f6bfc468f9d2ff0a95caccc10044c5",
        "version" : "5.10.2"
      }
    },
    {
      "identity" : "keychainaccess",
      "kind" : "remoteSourceControl",
      "location" : "https://github.com/kishikawakatsumi/KeychainAccess.git",
      "state" : {
        "revision" : "8d33ffd6f74b3bcfc99af759d4204c6395a3f918",
        "version" : "3.2.1"
      }
    },
    {
      "identity" : "swiftystorekit",
      "kind" : "remoteSourceControl",
      "location" : "https://github.com/bizz84/SwiftyStoreKit.git",
      "state" : {
        "revision" : "9ce911639680113dac9b554d6243e406a9758ebe",
        "version" : "0.16.4"
      }
    },
    {
      "identity" : "useracquisition",
      "kind" : "remoteSourceControl",
      "location" : "https://github.com/inapps-io/UserAcquisition.git",
      "state" : {
        "branch" : "master",
        "revision" : "15730c614eeb35d801d64bc44ddad01d32d61117"
      }
    }
  ],
  "version" : 3
}
